// !$*UTF8*$!
{
	archiveVersion = 1;
	classes = {
	};
	objectVersion = 50;
	objects = {

/* Begin PBXBuildFile section */
		4FA52D9E232D8575009A6679 /* AppDelegate.swift in Sources */ = {isa = PBXBuildFile; fileRef = 4FA52D9D232D8575009A6679 /* AppDelegate.swift */; };
		4FA52DA0232D8575009A6679 /* ViewController.swift in Sources */ = {isa = PBXBuildFile; fileRef = 4FA52D9F232D8575009A6679 /* ViewController.swift */; };
		4FA52DA3232D8575009A6679 /* Main.storyboard in Resources */ = {isa = PBXBuildFile; fileRef = 4FA52DA1232D8575009A6679 /* Main.storyboard */; };
		4FA52DA5232D8578009A6679 /* Assets.xcassets in Resources */ = {isa = PBXBuildFile; fileRef = 4FA52DA4232D8578009A6679 /* Assets.xcassets */; };
		4FA52DA8232D8578009A6679 /* LaunchScreen.storyboard in Resources */ = {isa = PBXBuildFile; fileRef = 4FA52DA6232D8578009A6679 /* LaunchScreen.storyboard */; };
		4FA52DB0232D87B5009A6679 /* BaseTabBarController.swift in Sources */ = {isa = PBXBuildFile; fileRef = 4FA52DAF232D87B5009A6679 /* BaseTabBarController.swift */; };
		4FA52DB3232DA4E4009A6679 /* AppsSearchController.swift in Sources */ = {isa = PBXBuildFile; fileRef = 4FA52DB2232DA4E4009A6679 /* AppsSearchController.swift */; };
		4FA52DB6232EC376009A6679 /* SearchResultCell.swift in Sources */ = {isa = PBXBuildFile; fileRef = 4FA52DB5232EC376009A6679 /* SearchResultCell.swift */; };
		4FA52DB9232EF31A009A6679 /* UIView+Layout.swift in Sources */ = {isa = PBXBuildFile; fileRef = 4FA52DB8232EF31A009A6679 /* UIView+Layout.swift */; };
		4FA52DBC23303F57009A6679 /* SearchResult.swift in Sources */ = {isa = PBXBuildFile; fileRef = 4FA52DBB23303F57009A6679 /* SearchResult.swift */; };
		4FA52DBF2330470D009A6679 /* APIService.swift in Sources */ = {isa = PBXBuildFile; fileRef = 4FA52DBE2330470D009A6679 /* APIService.swift */; };
		4FA52DC223356BA8009A6679 /* AppsPageController.swift in Sources */ = {isa = PBXBuildFile; fileRef = 4FA52DC123356BA8009A6679 /* AppsPageController.swift */; };
		4FA52DC423356D7F009A6679 /* BaseListController.swift in Sources */ = {isa = PBXBuildFile; fileRef = 4FA52DC323356D7F009A6679 /* BaseListController.swift */; };
		4FA52DC7233571B2009A6679 /* AppsGroupCell.swift in Sources */ = {isa = PBXBuildFile; fileRef = 4FA52DC6233571B2009A6679 /* AppsGroupCell.swift */; };
		4FA52DCA23357819009A6679 /* AppsHorizontalController.swift in Sources */ = {isa = PBXBuildFile; fileRef = 4FA52DC923357819009A6679 /* AppsHorizontalController.swift */; };
		4FA52DCC2336C95F009A6679 /* AppRowCell.swift in Sources */ = {isa = PBXBuildFile; fileRef = 4FA52DCB2336C95F009A6679 /* AppRowCell.swift */; };
		4FA52DCE2336CAA6009A6679 /* Extentions.swift in Sources */ = {isa = PBXBuildFile; fileRef = 4FA52DCD2336CAA6009A6679 /* Extentions.swift */; };
		4FA52DD02337F90A009A6679 /* AppsPageHeader.swift in Sources */ = {isa = PBXBuildFile; fileRef = 4FA52DCF2337F90A009A6679 /* AppsPageHeader.swift */; };
		4FA52DD22337FD64009A6679 /* AppsHeaderHorizontalController.swift in Sources */ = {isa = PBXBuildFile; fileRef = 4FA52DD12337FD64009A6679 /* AppsHeaderHorizontalController.swift */; };
		4FA52DD423380366009A6679 /* AppsHeaderCell.swift in Sources */ = {isa = PBXBuildFile; fileRef = 4FA52DD323380366009A6679 /* AppsHeaderCell.swift */; };
		4FA52DD6233804A3009A6679 /* VerticalStackView.swift in Sources */ = {isa = PBXBuildFile; fileRef = 4FA52DD5233804A3009A6679 /* VerticalStackView.swift */; };
		4FA52DD82339700F009A6679 /* AppGroup.swift in Sources */ = {isa = PBXBuildFile; fileRef = 4FA52DD72339700F009A6679 /* AppGroup.swift */; };
		4FA52DDA233FC3C8009A6679 /* SocialApp.swift in Sources */ = {isa = PBXBuildFile; fileRef = 4FA52DD9233FC3C8009A6679 /* SocialApp.swift */; };
		4FA52DDC23479BD0009A6679 /* HorizontalSnappingController.swift in Sources */ = {isa = PBXBuildFile; fileRef = 4FA52DDB23479BD0009A6679 /* HorizontalSnappingController.swift */; };
		4FA52DDE2347B0AF009A6679 /* BetterSnappingLayout.swift in Sources */ = {isa = PBXBuildFile; fileRef = 4FA52DDD2347B0AF009A6679 /* BetterSnappingLayout.swift */; };
		4FA52DE12347FE61009A6679 /* AppDetailController.swift in Sources */ = {isa = PBXBuildFile; fileRef = 4FA52DE02347FE61009A6679 /* AppDetailController.swift */; };
		4FA52DE4234BDE84009A6679 /* AppDetailCell.swift in Sources */ = {isa = PBXBuildFile; fileRef = 4FA52DE3234BDE84009A6679 /* AppDetailCell.swift */; };
		4FA52DE6234F7A79009A6679 /* PreviewCell.swift in Sources */ = {isa = PBXBuildFile; fileRef = 4FA52DE5234F7A79009A6679 /* PreviewCell.swift */; };
		4FA52DE8234FB67A009A6679 /* PreviewScreenshotsController.swift in Sources */ = {isa = PBXBuildFile; fileRef = 4FA52DE7234FB67A009A6679 /* PreviewScreenshotsController.swift */; };
		8DA21BA6B7F5A51EE0D848A8 /* Pods_ios_app_store.framework in Frameworks */ = {isa = PBXBuildFile; fileRef = E52279EF3BF95AEE5047EF68 /* Pods_ios_app_store.framework */; };
/* End PBXBuildFile section */

/* Begin PBXFileReference section */
		4C8F820E3EDA9361113D65D9 /* Pods-ios-app-store.release.xcconfig */ = {isa = PBXFileReference; includeInIndex = 1; lastKnownFileType = text.xcconfig; name = "Pods-ios-app-store.release.xcconfig"; path = "Target Support Files/Pods-ios-app-store/Pods-ios-app-store.release.xcconfig"; sourceTree = "<group>"; };
		4FA52D9A232D8575009A6679 /* ios-app-store.app */ = {isa = PBXFileReference; explicitFileType = wrapper.application; includeInIndex = 0; path = "ios-app-store.app"; sourceTree = BUILT_PRODUCTS_DIR; };
		4FA52D9D232D8575009A6679 /* AppDelegate.swift */ = {isa = PBXFileReference; lastKnownFileType = sourcecode.swift; path = AppDelegate.swift; sourceTree = "<group>"; };
		4FA52D9F232D8575009A6679 /* ViewController.swift */ = {isa = PBXFileReference; lastKnownFileType = sourcecode.swift; path = ViewController.swift; sourceTree = "<group>"; };
		4FA52DA2232D8575009A6679 /* Base */ = {isa = PBXFileReference; lastKnownFileType = file.storyboard; name = Base; path = Base.lproj/Main.storyboard; sourceTree = "<group>"; };
		4FA52DA4232D8578009A6679 /* Assets.xcassets */ = {isa = PBXFileReference; lastKnownFileType = folder.assetcatalog; path = Assets.xcassets; sourceTree = "<group>"; };
		4FA52DA7232D8578009A6679 /* Base */ = {isa = PBXFileReference; lastKnownFileType = file.storyboard; name = Base; path = Base.lproj/LaunchScreen.storyboard; sourceTree = "<group>"; };
		4FA52DA9232D8578009A6679 /* Info.plist */ = {isa = PBXFileReference; lastKnownFileType = text.plist.xml; path = Info.plist; sourceTree = "<group>"; };
		4FA52DAF232D87B5009A6679 /* BaseTabBarController.swift */ = {isa = PBXFileReference; lastKnownFileType = sourcecode.swift; path = BaseTabBarController.swift; sourceTree = "<group>"; };
		4FA52DB2232DA4E4009A6679 /* AppsSearchController.swift */ = {isa = PBXFileReference; lastKnownFileType = sourcecode.swift; path = AppsSearchController.swift; sourceTree = "<group>"; };
		4FA52DB5232EC376009A6679 /* SearchResultCell.swift */ = {isa = PBXFileReference; lastKnownFileType = sourcecode.swift; path = SearchResultCell.swift; sourceTree = "<group>"; };
		4FA52DB8232EF31A009A6679 /* UIView+Layout.swift */ = {isa = PBXFileReference; lastKnownFileType = sourcecode.swift; path = "UIView+Layout.swift"; sourceTree = "<group>"; };
		4FA52DBB23303F57009A6679 /* SearchResult.swift */ = {isa = PBXFileReference; lastKnownFileType = sourcecode.swift; path = SearchResult.swift; sourceTree = "<group>"; };
		4FA52DBE2330470D009A6679 /* APIService.swift */ = {isa = PBXFileReference; lastKnownFileType = sourcecode.swift; path = APIService.swift; sourceTree = "<group>"; };
		4FA52DC123356BA8009A6679 /* AppsPageController.swift */ = {isa = PBXFileReference; lastKnownFileType = sourcecode.swift; path = AppsPageController.swift; sourceTree = "<group>"; };
		4FA52DC323356D7F009A6679 /* BaseListController.swift */ = {isa = PBXFileReference; lastKnownFileType = sourcecode.swift; path = BaseListController.swift; sourceTree = "<group>"; };
		4FA52DC6233571B2009A6679 /* AppsGroupCell.swift */ = {isa = PBXFileReference; lastKnownFileType = sourcecode.swift; path = AppsGroupCell.swift; sourceTree = "<group>"; };
		4FA52DC923357819009A6679 /* AppsHorizontalController.swift */ = {isa = PBXFileReference; lastKnownFileType = sourcecode.swift; path = AppsHorizontalController.swift; sourceTree = "<group>"; };
		4FA52DCB2336C95F009A6679 /* AppRowCell.swift */ = {isa = PBXFileReference; lastKnownFileType = sourcecode.swift; path = AppRowCell.swift; sourceTree = "<group>"; };
		4FA52DCD2336CAA6009A6679 /* Extentions.swift */ = {isa = PBXFileReference; lastKnownFileType = sourcecode.swift; path = Extentions.swift; sourceTree = "<group>"; };
		4FA52DCF2337F90A009A6679 /* AppsPageHeader.swift */ = {isa = PBXFileReference; lastKnownFileType = sourcecode.swift; path = AppsPageHeader.swift; sourceTree = "<group>"; };
		4FA52DD12337FD64009A6679 /* AppsHeaderHorizontalController.swift */ = {isa = PBXFileReference; lastKnownFileType = sourcecode.swift; path = AppsHeaderHorizontalController.swift; sourceTree = "<group>"; };
		4FA52DD323380366009A6679 /* AppsHeaderCell.swift */ = {isa = PBXFileReference; lastKnownFileType = sourcecode.swift; path = AppsHeaderCell.swift; sourceTree = "<group>"; };
		4FA52DD5233804A3009A6679 /* VerticalStackView.swift */ = {isa = PBXFileReference; lastKnownFileType = sourcecode.swift; path = VerticalStackView.swift; sourceTree = "<group>"; };
		4FA52DD72339700F009A6679 /* AppGroup.swift */ = {isa = PBXFileReference; lastKnownFileType = sourcecode.swift; path = AppGroup.swift; sourceTree = "<group>"; };
		4FA52DD9233FC3C8009A6679 /* SocialApp.swift */ = {isa = PBXFileReference; lastKnownFileType = sourcecode.swift; path = SocialApp.swift; sourceTree = "<group>"; };
		4FA52DDB23479BD0009A6679 /* HorizontalSnappingController.swift */ = {isa = PBXFileReference; lastKnownFileType = sourcecode.swift; path = HorizontalSnappingController.swift; sourceTree = "<group>"; };
		4FA52DDD2347B0AF009A6679 /* BetterSnappingLayout.swift */ = {isa = PBXFileReference; lastKnownFileType = sourcecode.swift; path = BetterSnappingLayout.swift; sourceTree = "<group>"; };
		4FA52DE02347FE61009A6679 /* AppDetailController.swift */ = {isa = PBXFileReference; lastKnownFileType = sourcecode.swift; path = AppDetailController.swift; sourceTree = "<group>"; };
		4FA52DE3234BDE84009A6679 /* AppDetailCell.swift */ = {isa = PBXFileReference; lastKnownFileType = sourcecode.swift; path = AppDetailCell.swift; sourceTree = "<group>"; };
		4FA52DE5234F7A79009A6679 /* PreviewCell.swift */ = {isa = PBXFileReference; lastKnownFileType = sourcecode.swift; path = PreviewCell.swift; sourceTree = "<group>"; };
		4FA52DE7234FB67A009A6679 /* PreviewScreenshotsController.swift */ = {isa = PBXFileReference; lastKnownFileType = sourcecode.swift; path = PreviewScreenshotsController.swift; sourceTree = "<group>"; };
		A9331B50BCB57FCE061C727E /* Pods-ios-app-store.debug.xcconfig */ = {isa = PBXFileReference; includeInIndex = 1; lastKnownFileType = text.xcconfig; name = "Pods-ios-app-store.debug.xcconfig"; path = "Target Support Files/Pods-ios-app-store/Pods-ios-app-store.debug.xcconfig"; sourceTree = "<group>"; };
		E52279EF3BF95AEE5047EF68 /* Pods_ios_app_store.framework */ = {isa = PBXFileReference; explicitFileType = wrapper.framework; includeInIndex = 0; path = Pods_ios_app_store.framework; sourceTree = BUILT_PRODUCTS_DIR; };
/* End PBXFileReference section */

/* Begin PBXFrameworksBuildPhase section */
		4FA52D97232D8575009A6679 /* Frameworks */ = {
			isa = PBXFrameworksBuildPhase;
			buildActionMask = 2147483647;
			files = (
				8DA21BA6B7F5A51EE0D848A8 /* Pods_ios_app_store.framework in Frameworks */,
			);
			runOnlyForDeploymentPostprocessing = 0;
		};
/* End PBXFrameworksBuildPhase section */

/* Begin PBXGroup section */
		4FA52D91232D8575009A6679 = {
			isa = PBXGroup;
			children = (
				4FA52D9C232D8575009A6679 /* ios-app-store */,
				4FA52D9B232D8575009A6679 /* Products */,
				EE5B459C53E666C429300545 /* Pods */,
				9BD1EC69743309E421D58352 /* Frameworks */,
			);
			sourceTree = "<group>";
		};
		4FA52D9B232D8575009A6679 /* Products */ = {
			isa = PBXGroup;
			children = (
				4FA52D9A232D8575009A6679 /* ios-app-store.app */,
			);
			name = Products;
			sourceTree = "<group>";
		};
		4FA52D9C232D8575009A6679 /* ios-app-store */ = {
			isa = PBXGroup;
			children = (
				4FA52DBD233046E7009A6679 /* Service */,
				4FA52DBA23303F39009A6679 /* Model */,
				4FA52DB7232EF2FB009A6679 /* Helpers */,
				4FA52DB4232EC34E009A6679 /* Views */,
				4FA52DB1232DA472009A6679 /* Controller */,
				4FA52D9D232D8575009A6679 /* AppDelegate.swift */,
				4FA52D9F232D8575009A6679 /* ViewController.swift */,
				4FA52DA1232D8575009A6679 /* Main.storyboard */,
				4FA52DA4232D8578009A6679 /* Assets.xcassets */,
				4FA52DA6232D8578009A6679 /* LaunchScreen.storyboard */,
				4FA52DA9232D8578009A6679 /* Info.plist */,
			);
			path = "ios-app-store";
			sourceTree = "<group>";
		};
		4FA52DB1232DA472009A6679 /* Controller */ = {
			isa = PBXGroup;
			children = (
				4FA52DC8233577E5009A6679 /* Search */,
				4FA52DC023356B72009A6679 /* Apps */,
				4FA52DAF232D87B5009A6679 /* BaseTabBarController.swift */,
				4FA52DC323356D7F009A6679 /* BaseListController.swift */,
				4FA52DDB23479BD0009A6679 /* HorizontalSnappingController.swift */,
			);
			path = Controller;
			sourceTree = "<group>";
		};
		4FA52DB4232EC34E009A6679 /* Views */ = {
			isa = PBXGroup;
			children = (
				4FA52DC523357199009A6679 /* Apps */,
				4FA52DB5232EC376009A6679 /* SearchResultCell.swift */,
			);
			path = Views;
			sourceTree = "<group>";
		};
		4FA52DB7232EF2FB009A6679 /* Helpers */ = {
			isa = PBXGroup;
			children = (
				4FA52DB8232EF31A009A6679 /* UIView+Layout.swift */,
				4FA52DCD2336CAA6009A6679 /* Extentions.swift */,
				4FA52DD5233804A3009A6679 /* VerticalStackView.swift */,
				4FA52DDD2347B0AF009A6679 /* BetterSnappingLayout.swift */,
			);
			path = Helpers;
			sourceTree = "<group>";
		};
		4FA52DBA23303F39009A6679 /* Model */ = {
			isa = PBXGroup;
			children = (
				4FA52DBB23303F57009A6679 /* SearchResult.swift */,
				4FA52DD72339700F009A6679 /* AppGroup.swift */,
				4FA52DD9233FC3C8009A6679 /* SocialApp.swift */,
			);
			path = Model;
			sourceTree = "<group>";
		};
		4FA52DBD233046E7009A6679 /* Service */ = {
			isa = PBXGroup;
			children = (
				4FA52DBE2330470D009A6679 /* APIService.swift */,
			);
			path = Service;
			sourceTree = "<group>";
		};
		4FA52DC023356B72009A6679 /* Apps */ = {
			isa = PBXGroup;
			children = (
				4FA52DDF2347FE43009A6679 /* Details */,
				4FA52DC123356BA8009A6679 /* AppsPageController.swift */,
				4FA52DC923357819009A6679 /* AppsHorizontalController.swift */,
				4FA52DD12337FD64009A6679 /* AppsHeaderHorizontalController.swift */,
			);
			path = Apps;
			sourceTree = "<group>";
		};
		4FA52DC523357199009A6679 /* Apps */ = {
			isa = PBXGroup;
			children = (
				4FA52DE2234BDE64009A6679 /* Details */,
				4FA52DC6233571B2009A6679 /* AppsGroupCell.swift */,
				4FA52DCB2336C95F009A6679 /* AppRowCell.swift */,
				4FA52DCF2337F90A009A6679 /* AppsPageHeader.swift */,
				4FA52DD323380366009A6679 /* AppsHeaderCell.swift */,
			);
			path = Apps;
			sourceTree = "<group>";
		};
		4FA52DC8233577E5009A6679 /* Search */ = {
			isa = PBXGroup;
			children = (
				4FA52DB2232DA4E4009A6679 /* AppsSearchController.swift */,
			);
			path = Search;
			sourceTree = "<group>";
		};
		4FA52DDF2347FE43009A6679 /* Details */ = {
			isa = PBXGroup;
			children = (
				4FA52DE02347FE61009A6679 /* AppDetailController.swift */,
				4FA52DE7234FB67A009A6679 /* PreviewScreenshotsController.swift */,
			);
			path = Details;
			sourceTree = "<group>";
		};
		4FA52DE2234BDE64009A6679 /* Details */ = {
			isa = PBXGroup;
			children = (
				4FA52DE3234BDE84009A6679 /* AppDetailCell.swift */,
				4FA52DE5234F7A79009A6679 /* PreviewCell.swift */,
			);
			path = Details;
			sourceTree = "<group>";
		};
		9BD1EC69743309E421D58352 /* Frameworks */ = {
			isa = PBXGroup;
			children = (
				E52279EF3BF95AEE5047EF68 /* Pods_ios_app_store.framework */,
			);
			name = Frameworks;
			sourceTree = "<group>";
		};
		EE5B459C53E666C429300545 /* Pods */ = {
			isa = PBXGroup;
			children = (
				A9331B50BCB57FCE061C727E /* Pods-ios-app-store.debug.xcconfig */,
				4C8F820E3EDA9361113D65D9 /* Pods-ios-app-store.release.xcconfig */,
			);
			path = Pods;
			sourceTree = "<group>";
		};
/* End PBXGroup section */

/* Begin PBXNativeTarget section */
		4FA52D99232D8575009A6679 /* ios-app-store */ = {
			isa = PBXNativeTarget;
			buildConfigurationList = 4FA52DAC232D8578009A6679 /* Build configuration list for PBXNativeTarget "ios-app-store" */;
			buildPhases = (
				22C320B21543C65A9A7FE717 /* [CP] Check Pods Manifest.lock */,
				4FA52D96232D8575009A6679 /* Sources */,
				4FA52D97232D8575009A6679 /* Frameworks */,
				4FA52D98232D8575009A6679 /* Resources */,
				4B4BE9DCCCDE95261DDAB71F /* [CP] Embed Pods Frameworks */,
			);
			buildRules = (
			);
			dependencies = (
			);
			name = "ios-app-store";
			productName = "ios-app-store";
			productReference = 4FA52D9A232D8575009A6679 /* ios-app-store.app */;
			productType = "com.apple.product-type.application";
		};
/* End PBXNativeTarget section */

/* Begin PBXProject section */
		4FA52D92232D8575009A6679 /* Project object */ = {
			isa = PBXProject;
			attributes = {
				LastSwiftUpdateCheck = 1030;
				LastUpgradeCheck = 1030;
				ORGANIZATIONNAME = "Paul Defilippi";
				TargetAttributes = {
					4FA52D99232D8575009A6679 = {
						CreatedOnToolsVersion = 10.3;
					};
				};
			};
			buildConfigurationList = 4FA52D95232D8575009A6679 /* Build configuration list for PBXProject "ios-app-store" */;
			compatibilityVersion = "Xcode 9.3";
			developmentRegion = en;
			hasScannedForEncodings = 0;
			knownRegions = (
				en,
				Base,
			);
			mainGroup = 4FA52D91232D8575009A6679;
			productRefGroup = 4FA52D9B232D8575009A6679 /* Products */;
			projectDirPath = "";
			projectRoot = "";
			targets = (
				4FA52D99232D8575009A6679 /* ios-app-store */,
			);
		};
/* End PBXProject section */

/* Begin PBXResourcesBuildPhase section */
		4FA52D98232D8575009A6679 /* Resources */ = {
			isa = PBXResourcesBuildPhase;
			buildActionMask = 2147483647;
			files = (
				4FA52DA8232D8578009A6679 /* LaunchScreen.storyboard in Resources */,
				4FA52DA5232D8578009A6679 /* Assets.xcassets in Resources */,
				4FA52DA3232D8575009A6679 /* Main.storyboard in Resources */,
			);
			runOnlyForDeploymentPostprocessing = 0;
		};
/* End PBXResourcesBuildPhase section */

/* Begin PBXShellScriptBuildPhase section */
		22C320B21543C65A9A7FE717 /* [CP] Check Pods Manifest.lock */ = {
			isa = PBXShellScriptBuildPhase;
			buildActionMask = 2147483647;
			files = (
			);
			inputFileListPaths = (
			);
			inputPaths = (
				"${PODS_PODFILE_DIR_PATH}/Podfile.lock",
				"${PODS_ROOT}/Manifest.lock",
			);
			name = "[CP] Check Pods Manifest.lock";
			outputFileListPaths = (
			);
			outputPaths = (
				"$(DERIVED_FILE_DIR)/Pods-ios-app-store-checkManifestLockResult.txt",
			);
			runOnlyForDeploymentPostprocessing = 0;
			shellPath = /bin/sh;
			shellScript = "diff \"${PODS_PODFILE_DIR_PATH}/Podfile.lock\" \"${PODS_ROOT}/Manifest.lock\" > /dev/null\nif [ $? != 0 ] ; then\n    # print error to STDERR\n    echo \"error: The sandbox is not in sync with the Podfile.lock. Run 'pod install' or update your CocoaPods installation.\" >&2\n    exit 1\nfi\n# This output is used by Xcode 'outputs' to avoid re-running this script phase.\necho \"SUCCESS\" > \"${SCRIPT_OUTPUT_FILE_0}\"\n";
			showEnvVarsInLog = 0;
		};
		4B4BE9DCCCDE95261DDAB71F /* [CP] Embed Pods Frameworks */ = {
			isa = PBXShellScriptBuildPhase;
			buildActionMask = 2147483647;
			files = (
			);
			inputFileListPaths = (
			);
			inputPaths = (
				"${PODS_ROOT}/Target Support Files/Pods-ios-app-store/Pods-ios-app-store-frameworks.sh",
				"${BUILT_PRODUCTS_DIR}/SDWebImage/SDWebImage.framework",
			);
			name = "[CP] Embed Pods Frameworks";
			outputFileListPaths = (
			);
			outputPaths = (
				"${TARGET_BUILD_DIR}/${FRAMEWORKS_FOLDER_PATH}/SDWebImage.framework",
			);
			runOnlyForDeploymentPostprocessing = 0;
			shellPath = /bin/sh;
			shellScript = "\"${PODS_ROOT}/Target Support Files/Pods-ios-app-store/Pods-ios-app-store-frameworks.sh\"\n";
			showEnvVarsInLog = 0;
		};
/* End PBXShellScriptBuildPhase section */

/* Begin PBXSourcesBuildPhase section */
		4FA52D96232D8575009A6679 /* Sources */ = {
			isa = PBXSourcesBuildPhase;
			buildActionMask = 2147483647;
			files = (
				4FA52DC423356D7F009A6679 /* BaseListController.swift in Sources */,
				4FA52DDE2347B0AF009A6679 /* BetterSnappingLayout.swift in Sources */,
				4FA52DD6233804A3009A6679 /* VerticalStackView.swift in Sources */,
				4FA52DDA233FC3C8009A6679 /* SocialApp.swift in Sources */,
				4FA52DA0232D8575009A6679 /* ViewController.swift in Sources */,
				4FA52DD82339700F009A6679 /* AppGroup.swift in Sources */,
				4FA52DC7233571B2009A6679 /* AppsGroupCell.swift in Sources */,
				4FA52DD02337F90A009A6679 /* AppsPageHeader.swift in Sources */,
				4FA52DBC23303F57009A6679 /* SearchResult.swift in Sources */,
				4FA52DC223356BA8009A6679 /* AppsPageController.swift in Sources */,
				4FA52DE4234BDE84009A6679 /* AppDetailCell.swift in Sources */,
				4FA52D9E232D8575009A6679 /* AppDelegate.swift in Sources */,
				4FA52DE8234FB67A009A6679 /* PreviewScreenshotsController.swift in Sources */,
				4FA52DCE2336CAA6009A6679 /* Extentions.swift in Sources */,
				4FA52DB9232EF31A009A6679 /* UIView+Layout.swift in Sources */,
				4FA52DB0232D87B5009A6679 /* BaseTabBarController.swift in Sources */,
				4FA52DD423380366009A6679 /* AppsHeaderCell.swift in Sources */,
				4FA52DE6234F7A79009A6679 /* PreviewCell.swift in Sources */,
				4FA52DD22337FD64009A6679 /* AppsHeaderHorizontalController.swift in Sources */,
				4FA52DB3232DA4E4009A6679 /* AppsSearchController.swift in Sources */,
				4FA52DBF2330470D009A6679 /* APIService.swift in Sources */,
				4FA52DE12347FE61009A6679 /* AppDetailController.swift in Sources */,
				4FA52DDC23479BD0009A6679 /* HorizontalSnappingController.swift in Sources */,
				4FA52DCC2336C95F009A6679 /* AppRowCell.swift in Sources */,
				4FA52DB6232EC376009A6679 /* SearchResultCell.swift in Sources */,
				4FA52DCA23357819009A6679 /* AppsHorizontalController.swift in Sources */,
			);
			runOnlyForDeploymentPostprocessing = 0;
		};
/* End PBXSourcesBuildPhase section */

/* Begin PBXVariantGroup section */
		4FA52DA1232D8575009A6679 /* Main.storyboard */ = {
			isa = PBXVariantGroup;
			children = (
				4FA52DA2232D8575009A6679 /* Base */,
			);
			name = Main.storyboard;
			sourceTree = "<group>";
		};
		4FA52DA6232D8578009A6679 /* LaunchScreen.storyboard */ = {
			isa = PBXVariantGroup;
			children = (
				4FA52DA7232D8578009A6679 /* Base */,
			);
			name = LaunchScreen.storyboard;
			sourceTree = "<group>";
		};
/* End PBXVariantGroup section */

/* Begin XCBuildConfiguration section */
		4FA52DAA232D8578009A6679 /* Debug */ = {
			isa = XCBuildConfiguration;
			buildSettings = {
				ALWAYS_SEARCH_USER_PATHS = NO;
				CLANG_ANALYZER_NONNULL = YES;
				CLANG_ANALYZER_NUMBER_OBJECT_CONVERSION = YES_AGGRESSIVE;
				CLANG_CXX_LANGUAGE_STANDARD = "gnu++14";
				CLANG_CXX_LIBRARY = "libc++";
				CLANG_ENABLE_MODULES = YES;
				CLANG_ENABLE_OBJC_ARC = YES;
				CLANG_ENABLE_OBJC_WEAK = YES;
				CLANG_WARN_BLOCK_CAPTURE_AUTORELEASING = YES;
				CLANG_WARN_BOOL_CONVERSION = YES;
				CLANG_WARN_COMMA = YES;
				CLANG_WARN_CONSTANT_CONVERSION = YES;
				CLANG_WARN_DEPRECATED_OBJC_IMPLEMENTATIONS = YES;
				CLANG_WARN_DIRECT_OBJC_ISA_USAGE = YES_ERROR;
				CLANG_WARN_DOCUMENTATION_COMMENTS = YES;
				CLANG_WARN_EMPTY_BODY = YES;
				CLANG_WARN_ENUM_CONVERSION = YES;
				CLANG_WARN_INFINITE_RECURSION = YES;
				CLANG_WARN_INT_CONVERSION = YES;
				CLANG_WARN_NON_LITERAL_NULL_CONVERSION = YES;
				CLANG_WARN_OBJC_IMPLICIT_RETAIN_SELF = YES;
				CLANG_WARN_OBJC_LITERAL_CONVERSION = YES;
				CLANG_WARN_OBJC_ROOT_CLASS = YES_ERROR;
				CLANG_WARN_RANGE_LOOP_ANALYSIS = YES;
				CLANG_WARN_STRICT_PROTOTYPES = YES;
				CLANG_WARN_SUSPICIOUS_MOVE = YES;
				CLANG_WARN_UNGUARDED_AVAILABILITY = YES_AGGRESSIVE;
				CLANG_WARN_UNREACHABLE_CODE = YES;
				CLANG_WARN__DUPLICATE_METHOD_MATCH = YES;
				CODE_SIGN_IDENTITY = "iPhone Developer";
				COPY_PHASE_STRIP = NO;
				DEBUG_INFORMATION_FORMAT = dwarf;
				ENABLE_STRICT_OBJC_MSGSEND = YES;
				ENABLE_TESTABILITY = YES;
				GCC_C_LANGUAGE_STANDARD = gnu11;
				GCC_DYNAMIC_NO_PIC = NO;
				GCC_NO_COMMON_BLOCKS = YES;
				GCC_OPTIMIZATION_LEVEL = 0;
				GCC_PREPROCESSOR_DEFINITIONS = (
					"DEBUG=1",
					"$(inherited)",
				);
				GCC_WARN_64_TO_32_BIT_CONVERSION = YES;
				GCC_WARN_ABOUT_RETURN_TYPE = YES_ERROR;
				GCC_WARN_UNDECLARED_SELECTOR = YES;
				GCC_WARN_UNINITIALIZED_AUTOS = YES_AGGRESSIVE;
				GCC_WARN_UNUSED_FUNCTION = YES;
				GCC_WARN_UNUSED_VARIABLE = YES;
				IPHONEOS_DEPLOYMENT_TARGET = 12.4;
				MTL_ENABLE_DEBUG_INFO = INCLUDE_SOURCE;
				MTL_FAST_MATH = YES;
				ONLY_ACTIVE_ARCH = YES;
				SDKROOT = iphoneos;
				SWIFT_ACTIVE_COMPILATION_CONDITIONS = DEBUG;
				SWIFT_OPTIMIZATION_LEVEL = "-Onone";
			};
			name = Debug;
		};
		4FA52DAB232D8578009A6679 /* Release */ = {
			isa = XCBuildConfiguration;
			buildSettings = {
				ALWAYS_SEARCH_USER_PATHS = NO;
				CLANG_ANALYZER_NONNULL = YES;
				CLANG_ANALYZER_NUMBER_OBJECT_CONVERSION = YES_AGGRESSIVE;
				CLANG_CXX_LANGUAGE_STANDARD = "gnu++14";
				CLANG_CXX_LIBRARY = "libc++";
				CLANG_ENABLE_MODULES = YES;
				CLANG_ENABLE_OBJC_ARC = YES;
				CLANG_ENABLE_OBJC_WEAK = YES;
				CLANG_WARN_BLOCK_CAPTURE_AUTORELEASING = YES;
				CLANG_WARN_BOOL_CONVERSION = YES;
				CLANG_WARN_COMMA = YES;
				CLANG_WARN_CONSTANT_CONVERSION = YES;
				CLANG_WARN_DEPRECATED_OBJC_IMPLEMENTATIONS = YES;
				CLANG_WARN_DIRECT_OBJC_ISA_USAGE = YES_ERROR;
				CLANG_WARN_DOCUMENTATION_COMMENTS = YES;
				CLANG_WARN_EMPTY_BODY = YES;
				CLANG_WARN_ENUM_CONVERSION = YES;
				CLANG_WARN_INFINITE_RECURSION = YES;
				CLANG_WARN_INT_CONVERSION = YES;
				CLANG_WARN_NON_LITERAL_NULL_CONVERSION = YES;
				CLANG_WARN_OBJC_IMPLICIT_RETAIN_SELF = YES;
				CLANG_WARN_OBJC_LITERAL_CONVERSION = YES;
				CLANG_WARN_OBJC_ROOT_CLASS = YES_ERROR;
				CLANG_WARN_RANGE_LOOP_ANALYSIS = YES;
				CLANG_WARN_STRICT_PROTOTYPES = YES;
				CLANG_WARN_SUSPICIOUS_MOVE = YES;
				CLANG_WARN_UNGUARDED_AVAILABILITY = YES_AGGRESSIVE;
				CLANG_WARN_UNREACHABLE_CODE = YES;
				CLANG_WARN__DUPLICATE_METHOD_MATCH = YES;
				CODE_SIGN_IDENTITY = "iPhone Developer";
				COPY_PHASE_STRIP = NO;
				DEBUG_INFORMATION_FORMAT = "dwarf-with-dsym";
				ENABLE_NS_ASSERTIONS = NO;
				ENABLE_STRICT_OBJC_MSGSEND = YES;
				GCC_C_LANGUAGE_STANDARD = gnu11;
				GCC_NO_COMMON_BLOCKS = YES;
				GCC_WARN_64_TO_32_BIT_CONVERSION = YES;
				GCC_WARN_ABOUT_RETURN_TYPE = YES_ERROR;
				GCC_WARN_UNDECLARED_SELECTOR = YES;
				GCC_WARN_UNINITIALIZED_AUTOS = YES_AGGRESSIVE;
				GCC_WARN_UNUSED_FUNCTION = YES;
				GCC_WARN_UNUSED_VARIABLE = YES;
				IPHONEOS_DEPLOYMENT_TARGET = 12.4;
				MTL_ENABLE_DEBUG_INFO = NO;
				MTL_FAST_MATH = YES;
				SDKROOT = iphoneos;
				SWIFT_COMPILATION_MODE = wholemodule;
				SWIFT_OPTIMIZATION_LEVEL = "-O";
				VALIDATE_PRODUCT = YES;
			};
			name = Release;
		};
		4FA52DAD232D8578009A6679 /* Debug */ = {
			isa = XCBuildConfiguration;
			baseConfigurationReference = A9331B50BCB57FCE061C727E /* Pods-ios-app-store.debug.xcconfig */;
			buildSettings = {
				ASSETCATALOG_COMPILER_APPICON_NAME = AppIcon;
				CODE_SIGN_STYLE = Automatic;
				DEVELOPMENT_TEAM = 963UXK3MCT;
				INFOPLIST_FILE = "ios-app-store/Info.plist";
				LD_RUNPATH_SEARCH_PATHS = (
					"$(inherited)",
					"@executable_path/Frameworks",
				);
				PRODUCT_BUNDLE_IDENTIFIER = "com.pauldefilippi.ios-app-store";
				PRODUCT_NAME = "$(TARGET_NAME)";
				SWIFT_VERSION = 5.0;
				TARGETED_DEVICE_FAMILY = "1,2";
			};
			name = Debug;
		};
		4FA52DAE232D8578009A6679 /* Release */ = {
			isa = XCBuildConfiguration;
			baseConfigurationReference = 4C8F820E3EDA9361113D65D9 /* Pods-ios-app-store.release.xcconfig */;
			buildSettings = {
				ASSETCATALOG_COMPILER_APPICON_NAME = AppIcon;
				CODE_SIGN_STYLE = Automatic;
				DEVELOPMENT_TEAM = 963UXK3MCT;
				INFOPLIST_FILE = "ios-app-store/Info.plist";
				LD_RUNPATH_SEARCH_PATHS = (
					"$(inherited)",
					"@executable_path/Frameworks",
				);
				PRODUCT_BUNDLE_IDENTIFIER = "com.pauldefilippi.ios-app-store";
				PRODUCT_NAME = "$(TARGET_NAME)";
				SWIFT_VERSION = 5.0;
				TARGETED_DEVICE_FAMILY = "1,2";
			};
			name = Release;
		};
/* End XCBuildConfiguration section */

/* Begin XCConfigurationList section */
		4FA52D95232D8575009A6679 /* Build configuration list for PBXProject "ios-app-store" */ = {
			isa = XCConfigurationList;
			buildConfigurations = (
				4FA52DAA232D8578009A6679 /* Debug */,
				4FA52DAB232D8578009A6679 /* Release */,
			);
			defaultConfigurationIsVisible = 0;
			defaultConfigurationName = Release;
		};
		4FA52DAC232D8578009A6679 /* Build configuration list for PBXNativeTarget "ios-app-store" */ = {
			isa = XCConfigurationList;
			buildConfigurations = (
				4FA52DAD232D8578009A6679 /* Debug */,
				4FA52DAE232D8578009A6679 /* Release */,
			);
			defaultConfigurationIsVisible = 0;
			defaultConfigurationName = Release;
		};
/* End XCConfigurationList section */
	};
	rootObject = 4FA52D92232D8575009A6679 /* Project object */;
}
